
Microsoft Visual Studio Solution File, Format Version 12.00
# Visual Studio Version 16
VisualStudioVersion = 16.0.30717.126
MinimumVisualStudioVersion = 10.0.40219.1
Project("{FAE04EC0-301F-11D3-BF4B-00C04F79EFBC}") = "TechRising", "TechRising\TechRising.csproj", "{329E2D14-F712-458E-9AAD-8E40EE386D8F}"
EndProject
Project("{FAE04EC0-301F-11D3-BF4B-00C04F79EFBC}") = "JModCore", "..\JModCore\Source\JModCore\JModCore.csproj", "{19408D6B-BDEF-40D9-B32D-EA93657D10CA}"
EndProject
Global
	GlobalSection(SolutionConfigurationPlatforms) = preSolution
		Debug|Any CPU = Debug|Any CPU
		Release|Any CPU = Release|Any CPU
	EndGlobalSection
	GlobalSection(ProjectConfigurationPlatforms) = postSolution
		{329E2D14-F712-458E-9AAD-8E40EE386D8F}.Debug|Any CPU.ActiveCfg = Debug|Any CPU
		{329E2D14-F712-458E-9AAD-8E40EE386D8F}.Debug|Any CPU.Build.0 = Debug|Any CPU
		{329E2D14-F712-458E-9AAD-8E40EE386D8F}.Release|Any CPU.ActiveCfg = Release|Any CPU
		{329E2D14-F712-458E-9AAD-8E40EE386D8F}.Release|Any CPU.Build.0 = Release|Any CPU
		{19408D6B-BDEF-40D9-B32D-EA93657D10CA}.Debug|Any CPU.ActiveCfg = Debug|Any CPU
		{19408D6B-BDEF-40D9-B32D-EA93657D10CA}.Debug|Any CPU.Build.0 = Debug|Any CPU
		{19408D6B-BDEF-40D9-B32D-EA93657D10CA}.Release|Any CPU.ActiveCfg = Release|Any CPU
		{19408D6B-BDEF-40D9-B32D-EA93657D10CA}.Release|Any CPU.Build.0 = Release|Any CPU
	EndGlobalSection
	GlobalSection(SolutionProperties) = preSolution
		HideSolutionNode = FALSE
	EndGlobalSection
	GlobalSection(ExtensibilityGlobals) = postSolution
		SolutionGuid = {D75174D2-2FFD-4283-8FC5-9250397F49AB}
	EndGlobalSection
EndGlobal
